// !$*UTF8*$!
{
	archiveVersion = 1;
	classes = {
	};
	objectVersion = 46;
	objects = {

/* Begin PBXBuildFile section */
		638D37BEB5884A53A382B4F8 /* libPods.a in Frameworks */ = {isa = PBXBuildFile; fileRef = 4222706D09B14B8D8D8D809B /* libPods.a */; };
		6C1B98011702B1A1006D0C32 /* UIKit.framework in Frameworks */ = {isa = PBXBuildFile; fileRef = 6C1B98001702B1A1006D0C32 /* UIKit.framework */; };
		6C1B98031702B1A1006D0C32 /* Foundation.framework in Frameworks */ = {isa = PBXBuildFile; fileRef = 6C1B98021702B1A1006D0C32 /* Foundation.framework */; };
		6C1B98051702B1A1006D0C32 /* CoreGraphics.framework in Frameworks */ = {isa = PBXBuildFile; fileRef = 6C1B98041702B1A1006D0C32 /* CoreGraphics.framework */; };
		6C1B980B1702B1A1006D0C32 /* InfoPlist.strings in Resources */ = {isa = PBXBuildFile; fileRef = 6C1B98091702B1A1006D0C32 /* InfoPlist.strings */; };
		6C1B980D1702B1A1006D0C32 /* main.m in Sources */ = {isa = PBXBuildFile; fileRef = 6C1B980C1702B1A1006D0C32 /* main.m */; };
		6C1B98111702B1A1006D0C32 /* AppDelegate.m in Sources */ = {isa = PBXBuildFile; fileRef = 6C1B98101702B1A1006D0C32 /* AppDelegate.m */; };
		6C1B98131702B1A1006D0C32 /* Default.png in Resources */ = {isa = PBXBuildFile; fileRef = 6C1B98121702B1A1006D0C32 /* Default.png */; };
		6C1B98151702B1A1006D0C32 /* Default@2x.png in Resources */ = {isa = PBXBuildFile; fileRef = 6C1B98141702B1A1006D0C32 /* Default@2x.png */; };
		6C1B98171702B1A1006D0C32 /* Default-568h@2x.png in Resources */ = {isa = PBXBuildFile; fileRef = 6C1B98161702B1A1006D0C32 /* Default-568h@2x.png */; };
		6C1B981A1702B1A1006D0C32 /* ColorListVC.m in Sources */ = {isa = PBXBuildFile; fileRef = 6C1B98191702B1A1006D0C32 /* ColorListVC.m */; };
		6C1B981D1702B1A1006D0C32 /* ColorListVC.xib in Resources */ = {isa = PBXBuildFile; fileRef = 6C1B981B1702B1A1006D0C32 /* ColorListVC.xib */; };
		6C1B98281702BAD8006D0C32 /* UIColor+hexToColor.m in Sources */ = {isa = PBXBuildFile; fileRef = 6C1B98271702BAD8006D0C32 /* UIColor+hexToColor.m */; };
		6C1B98331702BD30006D0C32 /* ColorCell.m in Sources */ = {isa = PBXBuildFile; fileRef = 6C1B98321702BD30006D0C32 /* ColorCell.m */; };
		6C1B98351702BD4C006D0C32 /* ColorCell.xib in Resources */ = {isa = PBXBuildFile; fileRef = 6C1B98341702BD4C006D0C32 /* ColorCell.xib */; };
		6C1B98381702BF5E006D0C32 /* Color.m in Sources */ = {isa = PBXBuildFile; fileRef = 6C1B98371702BF5E006D0C32 /* Color.m */; };
		6C6F1E321702DB04005B6F76 /* ColorDetailsVC.m in Sources */ = {isa = PBXBuildFile; fileRef = 6C6F1E301702DB04005B6F76 /* ColorDetailsVC.m */; };
		6C6F1E331702DB04005B6F76 /* ColorDetailsVC.xib in Resources */ = {isa = PBXBuildFile; fileRef = 6C6F1E311702DB04005B6F76 /* ColorDetailsVC.xib */; };
		6C6F1E4517042E3F005B6F76 /* User.m in Sources */ = {isa = PBXBuildFile; fileRef = 6C6F1E4417042E3F005B6F76 /* User.m */; };
		6C6F1E49170430FC005B6F76 /* ColorUserDetailsVC.m in Sources */ = {isa = PBXBuildFile; fileRef = 6C6F1E47170430FC005B6F76 /* ColorUserDetailsVC.m */; };
		6C6F1E4A170430FC005B6F76 /* ColorUserDetailsVC.xib in Resources */ = {isa = PBXBuildFile; fileRef = 6C6F1E48170430FC005B6F76 /* ColorUserDetailsVC.xib */; };
		6C6F1E4E17045D8A005B6F76 /* PaletteListVC.m in Sources */ = {isa = PBXBuildFile; fileRef = 6C6F1E4C17045D89005B6F76 /* PaletteListVC.m */; };
		6C6F1E4F17045D8A005B6F76 /* PaletteListVC.xib in Resources */ = {isa = PBXBuildFile; fileRef = 6C6F1E4D17045D89005B6F76 /* PaletteListVC.xib */; };
		6C6F1E5C17046BF0005B6F76 /* PaletteCell.m in Sources */ = {isa = PBXBuildFile; fileRef = 6C6F1E5B17046BF0005B6F76 /* PaletteCell.m */; };
		6C6F1E5E17046C0B005B6F76 /* PaletteCell.xib in Resources */ = {isa = PBXBuildFile; fileRef = 6C6F1E5D17046C0B005B6F76 /* PaletteCell.xib */; };
		6C6F1E6117046D20005B6F76 /* Palette.m in Sources */ = {isa = PBXBuildFile; fileRef = 6C6F1E6017046D20005B6F76 /* Palette.m */; };
		6C6F1E6417055C6E005B6F76 /* color.png in Resources */ = {isa = PBXBuildFile; fileRef = 6C6F1E6217055C6E005B6F76 /* color.png */; };
		6C6F1E6517055C6E005B6F76 /* palette.png in Resources */ = {isa = PBXBuildFile; fileRef = 6C6F1E6317055C6E005B6F76 /* palette.png */; };
		6C6F1E6817056124005B6F76 /* UICustomButton.m in Sources */ = {isa = PBXBuildFile; fileRef = 6C6F1E6717056124005B6F76 /* UICustomButton.m */; };
		6C6F1E6A170561C0005B6F76 /* button.png in Resources */ = {isa = PBXBuildFile; fileRef = 6C6F1E69170561C0005B6F76 /* button.png */; };
		6C6F1E6D1705708B005B6F76 /* Pattern.m in Sources */ = {isa = PBXBuildFile; fileRef = 6C6F1E6C1705708B005B6F76 /* Pattern.m */; };
		6C6F1E7617057281005B6F76 /* PatternVC.m in Sources */ = {isa = PBXBuildFile; fileRef = 6C6F1E7417057280005B6F76 /* PatternVC.m */; };
		6C6F1E7717057281005B6F76 /* PatternVC.xib in Resources */ = {isa = PBXBuildFile; fileRef = 6C6F1E7517057280005B6F76 /* PatternVC.xib */; };
		6C6F1E7A170578E4005B6F76 /* PatternCell.m in Sources */ = {isa = PBXBuildFile; fileRef = 6C6F1E79170578E3005B6F76 /* PatternCell.m */; };
		6C6F1E7E1705791D005B6F76 /* PatternCell.xib in Resources */ = {isa = PBXBuildFile; fileRef = 6C6F1E7D1705791C005B6F76 /* PatternCell.xib */; };
		6C6F1E87170ACB5A005B6F76 /* ColorUserDetailsVC_4in.xib in Resources */ = {isa = PBXBuildFile; fileRef = 6C6F1E86170ACB5A005B6F76 /* ColorUserDetailsVC_4in.xib */; };
/* End PBXBuildFile section */

/* Begin PBXFileReference section */
		29A565A19C4D43F98313A92E /* Pods.xcconfig */ = {isa = PBXFileReference; includeInIndex = 1; lastKnownFileType = text.xcconfig; name = Pods.xcconfig; path = Pods/Pods.xcconfig; sourceTree = SOURCE_ROOT; };
		4222706D09B14B8D8D8D809B /* libPods.a */ = {isa = PBXFileReference; explicitFileType = archive.ar; includeInIndex = 0; path = libPods.a; sourceTree = BUILT_PRODUCTS_DIR; };
		6C1B97FD1702B1A1006D0C32 /* ColorList2.app */ = {isa = PBXFileReference; explicitFileType = wrapper.application; includeInIndex = 0; path = ColorList2.app; sourceTree = BUILT_PRODUCTS_DIR; };
		6C1B98001702B1A1006D0C32 /* UIKit.framework */ = {isa = PBXFileReference; lastKnownFileType = wrapper.framework; name = UIKit.framework; path = System/Library/Frameworks/UIKit.framework; sourceTree = SDKROOT; };
		6C1B98021702B1A1006D0C32 /* Foundation.framework */ = {isa = PBXFileReference; lastKnownFileType = wrapper.framework; name = Foundation.framework; path = System/Library/Frameworks/Foundation.framework; sourceTree = SDKROOT; };
		6C1B98041702B1A1006D0C32 /* CoreGraphics.framework */ = {isa = PBXFileReference; lastKnownFileType = wrapper.framework; name = CoreGraphics.framework; path = System/Library/Frameworks/CoreGraphics.framework; sourceTree = SDKROOT; };
		6C1B98081702B1A1006D0C32 /* ColorList2-Info.plist */ = {isa = PBXFileReference; lastKnownFileType = text.plist.xml; path = "ColorList2-Info.plist"; sourceTree = "<group>"; };
		6C1B980A1702B1A1006D0C32 /* en */ = {isa = PBXFileReference; lastKnownFileType = text.plist.strings; name = en; path = en.lproj/InfoPlist.strings; sourceTree = "<group>"; };
		6C1B980C1702B1A1006D0C32 /* main.m */ = {isa = PBXFileReference; lastKnownFileType = sourcecode.c.objc; path = main.m; sourceTree = "<group>"; };
		6C1B980E1702B1A1006D0C32 /* ColorList2-Prefix.pch */ = {isa = PBXFileReference; lastKnownFileType = sourcecode.c.h; path = "ColorList2-Prefix.pch"; sourceTree = "<group>"; };
		6C1B980F1702B1A1006D0C32 /* AppDelegate.h */ = {isa = PBXFileReference; lastKnownFileType = sourcecode.c.h; path = AppDelegate.h; sourceTree = "<group>"; };
		6C1B98101702B1A1006D0C32 /* AppDelegate.m */ = {isa = PBXFileReference; lastKnownFileType = sourcecode.c.objc; path = AppDelegate.m; sourceTree = "<group>"; };
		6C1B98121702B1A1006D0C32 /* Default.png */ = {isa = PBXFileReference; lastKnownFileType = image.png; path = Default.png; sourceTree = "<group>"; };
		6C1B98141702B1A1006D0C32 /* Default@2x.png */ = {isa = PBXFileReference; lastKnownFileType = image.png; path = "Default@2x.png"; sourceTree = "<group>"; };
		6C1B98161702B1A1006D0C32 /* Default-568h@2x.png */ = {isa = PBXFileReference; lastKnownFileType = image.png; path = "Default-568h@2x.png"; sourceTree = "<group>"; };
		6C1B98181702B1A1006D0C32 /* ColorListVC.h */ = {isa = PBXFileReference; lastKnownFileType = sourcecode.c.h; name = ColorListVC.h; path = ColorList2/ColorListVC.h; sourceTree = "<group>"; };
		6C1B98191702B1A1006D0C32 /* ColorListVC.m */ = {isa = PBXFileReference; lastKnownFileType = sourcecode.c.objc; name = ColorListVC.m; path = ColorList2/ColorListVC.m; sourceTree = "<group>"; };
		6C1B981C1702B1A1006D0C32 /* en */ = {isa = PBXFileReference; lastKnownFileType = file.xib; name = en; path = en.lproj/ColorListVC.xib; sourceTree = "<group>"; };
		6C1B98231702B21A006D0C32 /* Constants.h */ = {isa = PBXFileReference; lastKnownFileType = sourcecode.c.h; path = Constants.h; sourceTree = "<group>"; };
		6C1B98261702BAD8006D0C32 /* UIColor+hexToColor.h */ = {isa = PBXFileReference; fileEncoding = 4; lastKnownFileType = sourcecode.c.h; path = "UIColor+hexToColor.h"; sourceTree = "<group>"; };
		6C1B98271702BAD8006D0C32 /* UIColor+hexToColor.m */ = {isa = PBXFileReference; fileEncoding = 4; lastKnownFileType = sourcecode.c.objc; path = "UIColor+hexToColor.m"; sourceTree = "<group>"; };
		6C1B98311702BD30006D0C32 /* ColorCell.h */ = {isa = PBXFileReference; fileEncoding = 4; lastKnownFileType = sourcecode.c.h; path = ColorCell.h; sourceTree = "<group>"; };
		6C1B98321702BD30006D0C32 /* ColorCell.m */ = {isa = PBXFileReference; fileEncoding = 4; lastKnownFileType = sourcecode.c.objc; path = ColorCell.m; sourceTree = "<group>"; };
		6C1B98341702BD4C006D0C32 /* ColorCell.xib */ = {isa = PBXFileReference; fileEncoding = 4; lastKnownFileType = file.xib; path = ColorCell.xib; sourceTree = "<group>"; };
		6C1B98361702BF5E006D0C32 /* Color.h */ = {isa = PBXFileReference; fileEncoding = 4; lastKnownFileType = sourcecode.c.h; path = Color.h; sourceTree = "<group>"; };
		6C1B98371702BF5E006D0C32 /* Color.m */ = {isa = PBXFileReference; fileEncoding = 4; lastKnownFileType = sourcecode.c.objc; path = Color.m; sourceTree = "<group>"; };
		6C6F1E2F1702DB04005B6F76 /* ColorDetailsVC.h */ = {isa = PBXFileReference; fileEncoding = 4; lastKnownFileType = sourcecode.c.h; path = ColorDetailsVC.h; sourceTree = "<group>"; };
		6C6F1E301702DB04005B6F76 /* ColorDetailsVC.m */ = {isa = PBXFileReference; fileEncoding = 4; lastKnownFileType = sourcecode.c.objc; path = ColorDetailsVC.m; sourceTree = "<group>"; };
		6C6F1E311702DB04005B6F76 /* ColorDetailsVC.xib */ = {isa = PBXFileReference; fileEncoding = 4; lastKnownFileType = file.xib; path = ColorDetailsVC.xib; sourceTree = "<group>"; };
		6C6F1E4317042E3F005B6F76 /* User.h */ = {isa = PBXFileReference; fileEncoding = 4; lastKnownFileType = sourcecode.c.h; path = User.h; sourceTree = "<group>"; };
		6C6F1E4417042E3F005B6F76 /* User.m */ = {isa = PBXFileReference; fileEncoding = 4; lastKnownFileType = sourcecode.c.objc; path = User.m; sourceTree = "<group>"; };
		6C6F1E46170430FC005B6F76 /* ColorUserDetailsVC.h */ = {isa = PBXFileReference; fileEncoding = 4; lastKnownFileType = sourcecode.c.h; path = ColorUserDetailsVC.h; sourceTree = "<group>"; };
		6C6F1E47170430FC005B6F76 /* ColorUserDetailsVC.m */ = {isa = PBXFileReference; fileEncoding = 4; lastKnownFileType = sourcecode.c.objc; path = ColorUserDetailsVC.m; sourceTree = "<group>"; };
		6C6F1E48170430FC005B6F76 /* ColorUserDetailsVC.xib */ = {isa = PBXFileReference; fileEncoding = 4; lastKnownFileType = file.xib; path = ColorUserDetailsVC.xib; sourceTree = "<group>"; };
		6C6F1E4B17045D89005B6F76 /* PaletteListVC.h */ = {isa = PBXFileReference; fileEncoding = 4; lastKnownFileType = sourcecode.c.h; path = PaletteListVC.h; sourceTree = "<group>"; };
		6C6F1E4C17045D89005B6F76 /* PaletteListVC.m */ = {isa = PBXFileReference; fileEncoding = 4; lastKnownFileType = sourcecode.c.objc; path = PaletteListVC.m; sourceTree = "<group>"; };
		6C6F1E4D17045D89005B6F76 /* PaletteListVC.xib */ = {isa = PBXFileReference; fileEncoding = 4; lastKnownFileType = file.xib; path = PaletteListVC.xib; sourceTree = "<group>"; };
		6C6F1E5A17046BF0005B6F76 /* PaletteCell.h */ = {isa = PBXFileReference; fileEncoding = 4; lastKnownFileType = sourcecode.c.h; path = PaletteCell.h; sourceTree = "<group>"; };
		6C6F1E5B17046BF0005B6F76 /* PaletteCell.m */ = {isa = PBXFileReference; fileEncoding = 4; lastKnownFileType = sourcecode.c.objc; path = PaletteCell.m; sourceTree = "<group>"; };
		6C6F1E5D17046C0B005B6F76 /* PaletteCell.xib */ = {isa = PBXFileReference; fileEncoding = 4; lastKnownFileType = file.xib; path = PaletteCell.xib; sourceTree = "<group>"; };
		6C6F1E5F17046D20005B6F76 /* Palette.h */ = {isa = PBXFileReference; fileEncoding = 4; lastKnownFileType = sourcecode.c.h; path = Palette.h; sourceTree = "<group>"; };
		6C6F1E6017046D20005B6F76 /* Palette.m */ = {isa = PBXFileReference; fileEncoding = 4; lastKnownFileType = sourcecode.c.objc; path = Palette.m; sourceTree = "<group>"; };
		6C6F1E6217055C6E005B6F76 /* color.png */ = {isa = PBXFileReference; lastKnownFileType = image.png; path = color.png; sourceTree = "<group>"; };
		6C6F1E6317055C6E005B6F76 /* palette.png */ = {isa = PBXFileReference; lastKnownFileType = image.png; path = palette.png; sourceTree = "<group>"; };
		6C6F1E6617056123005B6F76 /* UICustomButton.h */ = {isa = PBXFileReference; fileEncoding = 4; lastKnownFileType = sourcecode.c.h; path = UICustomButton.h; sourceTree = "<group>"; };
		6C6F1E6717056124005B6F76 /* UICustomButton.m */ = {isa = PBXFileReference; fileEncoding = 4; lastKnownFileType = sourcecode.c.objc; path = UICustomButton.m; sourceTree = "<group>"; };
		6C6F1E69170561C0005B6F76 /* button.png */ = {isa = PBXFileReference; lastKnownFileType = image.png; path = button.png; sourceTree = "<group>"; };
		6C6F1E6B1705708B005B6F76 /* Pattern.h */ = {isa = PBXFileReference; fileEncoding = 4; lastKnownFileType = sourcecode.c.h; path = Pattern.h; sourceTree = "<group>"; };
		6C6F1E6C1705708B005B6F76 /* Pattern.m */ = {isa = PBXFileReference; fileEncoding = 4; lastKnownFileType = sourcecode.c.objc; path = Pattern.m; sourceTree = "<group>"; };
		6C6F1E7317057280005B6F76 /* PatternVC.h */ = {isa = PBXFileReference; fileEncoding = 4; lastKnownFileType = sourcecode.c.h; path = PatternVC.h; sourceTree = "<group>"; };
		6C6F1E7417057280005B6F76 /* PatternVC.m */ = {isa = PBXFileReference; fileEncoding = 4; lastKnownFileType = sourcecode.c.objc; path = PatternVC.m; sourceTree = "<group>"; };
		6C6F1E7517057280005B6F76 /* PatternVC.xib */ = {isa = PBXFileReference; fileEncoding = 4; lastKnownFileType = file.xib; path = PatternVC.xib; sourceTree = "<group>"; };
		6C6F1E78170578E3005B6F76 /* PatternCell.h */ = {isa = PBXFileReference; fileEncoding = 4; lastKnownFileType = sourcecode.c.h; path = PatternCell.h; sourceTree = "<group>"; };
		6C6F1E79170578E3005B6F76 /* PatternCell.m */ = {isa = PBXFileReference; fileEncoding = 4; lastKnownFileType = sourcecode.c.objc; path = PatternCell.m; sourceTree = "<group>"; };
		6C6F1E7D1705791C005B6F76 /* PatternCell.xib */ = {isa = PBXFileReference; fileEncoding = 4; lastKnownFileType = file.xib; path = PatternCell.xib; sourceTree = "<group>"; };
		6C6F1E86170ACB5A005B6F76 /* ColorUserDetailsVC_4in.xib */ = {isa = PBXFileReference; fileEncoding = 4; lastKnownFileType = file.xib; path = ColorUserDetailsVC_4in.xib; sourceTree = "<group>"; };
/* End PBXFileReference section */

/* Begin PBXFrameworksBuildPhase section */
		6C1B97FA1702B1A1006D0C32 /* Frameworks */ = {
			isa = PBXFrameworksBuildPhase;
			buildActionMask = 2147483647;
			files = (
				6C1B98011702B1A1006D0C32 /* UIKit.framework in Frameworks */,
				6C1B98031702B1A1006D0C32 /* Foundation.framework in Frameworks */,
				6C1B98051702B1A1006D0C32 /* CoreGraphics.framework in Frameworks */,
				638D37BEB5884A53A382B4F8 /* libPods.a in Frameworks */,
			);
			runOnlyForDeploymentPostprocessing = 0;
		};
/* End PBXFrameworksBuildPhase section */

/* Begin PBXGroup section */
		6C1B97F41702B1A1006D0C32 = {
			isa = PBXGroup;
			children = (
				6C1B98231702B21A006D0C32 /* Constants.h */,
				29A565A19C4D43F98313A92E /* Pods.xcconfig */,
				6C1B98071702B1A1006D0C32 /* Supporting Files */,
				6C1B98061702B1A1006D0C32 /* ColorList2 */,
				6C1B97FF1702B1A1006D0C32 /* Frameworks */,
				6C1B97FE1702B1A1006D0C32 /* Products */,
			);
			sourceTree = "<group>";
		};
		6C1B97FE1702B1A1006D0C32 /* Products */ = {
			isa = PBXGroup;
			children = (
				6C1B97FD1702B1A1006D0C32 /* ColorList2.app */,
			);
			name = Products;
			sourceTree = "<group>";
		};
		6C1B97FF1702B1A1006D0C32 /* Frameworks */ = {
			isa = PBXGroup;
			children = (
				6C1B98001702B1A1006D0C32 /* UIKit.framework */,
				6C1B98021702B1A1006D0C32 /* Foundation.framework */,
				6C1B98041702B1A1006D0C32 /* CoreGraphics.framework */,
				4222706D09B14B8D8D8D809B /* libPods.a */,
			);
			name = Frameworks;
			sourceTree = "<group>";
		};
		6C1B98061702B1A1006D0C32 /* ColorList2 */ = {
			isa = PBXGroup;
			children = (
				6C1B980F1702B1A1006D0C32 /* AppDelegate.h */,
				6C1B98101702B1A1006D0C32 /* AppDelegate.m */,
				6C1B98251702BAB3006D0C32 /* Helpers */,
				6C1B98291702BC01006D0C32 /* Model */,
				6C1B982A1702BC0E006D0C32 /* View */,
				6C1B98241702B9FB006D0C32 /* ViewController */,
			);
			path = ColorList2;
			sourceTree = "<group>";
		};
		6C1B98071702B1A1006D0C32 /* Supporting Files */ = {
			isa = PBXGroup;
			children = (
				6C1B98081702B1A1006D0C32 /* ColorList2-Info.plist */,
				6C1B98091702B1A1006D0C32 /* InfoPlist.strings */,
				6C1B980C1702B1A1006D0C32 /* main.m */,
				6C1B980E1702B1A1006D0C32 /* ColorList2-Prefix.pch */,
				6C1B98121702B1A1006D0C32 /* Default.png */,
				6C1B98141702B1A1006D0C32 /* Default@2x.png */,
				6C1B98161702B1A1006D0C32 /* Default-568h@2x.png */,
				6C6F1E6217055C6E005B6F76 /* color.png */,
				6C6F1E6317055C6E005B6F76 /* palette.png */,
				6C6F1E69170561C0005B6F76 /* button.png */,
			);
			name = "Supporting Files";
			path = ColorList2;
			sourceTree = "<group>";
		};
		6C1B98241702B9FB006D0C32 /* ViewController */ = {
			isa = PBXGroup;
			children = (
				6C6F1E4B17045D89005B6F76 /* PaletteListVC.h */,
				6C6F1E4C17045D89005B6F76 /* PaletteListVC.m */,
				6C6F1E4D17045D89005B6F76 /* PaletteListVC.xib */,
				6C1B98181702B1A1006D0C32 /* ColorListVC.h */,
				6C1B98191702B1A1006D0C32 /* ColorListVC.m */,
				6C1B981B1702B1A1006D0C32 /* ColorListVC.xib */,
				6C6F1E2F1702DB04005B6F76 /* ColorDetailsVC.h */,
				6C6F1E301702DB04005B6F76 /* ColorDetailsVC.m */,
				6C6F1E311702DB04005B6F76 /* ColorDetailsVC.xib */,
				6C6F1E46170430FC005B6F76 /* ColorUserDetailsVC.h */,
				6C6F1E47170430FC005B6F76 /* ColorUserDetailsVC.m */,
				6C6F1E48170430FC005B6F76 /* ColorUserDetailsVC.xib */,
				6C6F1E86170ACB5A005B6F76 /* ColorUserDetailsVC_4in.xib */,
				6C6F1E7317057280005B6F76 /* PatternVC.h */,
				6C6F1E7417057280005B6F76 /* PatternVC.m */,
				6C6F1E7517057280005B6F76 /* PatternVC.xib */,
			);
			name = ViewController;
			path = ..;
			sourceTree = "<group>";
		};
		6C1B98251702BAB3006D0C32 /* Helpers */ = {
			isa = PBXGroup;
			children = (
				6C1B98261702BAD8006D0C32 /* UIColor+hexToColor.h */,
				6C1B98271702BAD8006D0C32 /* UIColor+hexToColor.m */,
			);
			name = Helpers;
			path = ..;
			sourceTree = "<group>";
		};
		6C1B98291702BC01006D0C32 /* Model */ = {
			isa = PBXGroup;
			children = (
				6C1B98361702BF5E006D0C32 /* Color.h */,
				6C1B98371702BF5E006D0C32 /* Color.m */,
				6C6F1E4317042E3F005B6F76 /* User.h */,
				6C6F1E4417042E3F005B6F76 /* User.m */,
				6C6F1E5F17046D20005B6F76 /* Palette.h */,
				6C6F1E6017046D20005B6F76 /* Palette.m */,
				6C6F1E6B1705708B005B6F76 /* Pattern.h */,
				6C6F1E6C1705708B005B6F76 /* Pattern.m */,
			);
			name = Model;
			path = ..;
			sourceTree = "<group>";
		};
		6C1B982A1702BC0E006D0C32 /* View */ = {
			isa = PBXGroup;
			children = (
				6C1B98311702BD30006D0C32 /* ColorCell.h */,
				6C1B98321702BD30006D0C32 /* ColorCell.m */,
				6C1B98341702BD4C006D0C32 /* ColorCell.xib */,
				6C6F1E5A17046BF0005B6F76 /* PaletteCell.h */,
				6C6F1E5B17046BF0005B6F76 /* PaletteCell.m */,
				6C6F1E5D17046C0B005B6F76 /* PaletteCell.xib */,
				6C6F1E6617056123005B6F76 /* UICustomButton.h */,
				6C6F1E6717056124005B6F76 /* UICustomButton.m */,
				6C6F1E78170578E3005B6F76 /* PatternCell.h */,
				6C6F1E79170578E3005B6F76 /* PatternCell.m */,
				6C6F1E7D1705791C005B6F76 /* PatternCell.xib */,
			);
			name = View;
			path = ..;
			sourceTree = "<group>";
		};
/* End PBXGroup section */

/* Begin PBXNativeTarget section */
		6C1B97FC1702B1A1006D0C32 /* ColorList2 */ = {
			isa = PBXNativeTarget;
			buildConfigurationList = 6C1B98201702B1A1006D0C32 /* Build configuration list for PBXNativeTarget "ColorList2" */;
			buildPhases = (
				6C1B97F91702B1A1006D0C32 /* Sources */,
				6C1B97FA1702B1A1006D0C32 /* Frameworks */,
				6C1B97FB1702B1A1006D0C32 /* Resources */,
				6A53CD49309440768D8F827A /* Copy Pods Resources */,
			);
			buildRules = (
			);
			dependencies = (
			);
			name = ColorList2;
			productName = ColorList2;
			productReference = 6C1B97FD1702B1A1006D0C32 /* ColorList2.app */;
			productType = "com.apple.product-type.application";
		};
/* End PBXNativeTarget section */

/* Begin PBXProject section */
		6C1B97F51702B1A1006D0C32 /* Project object */ = {
			isa = PBXProject;
			attributes = {
				LastUpgradeCheck = 0460;
				ORGANIZATIONNAME = "Steeve Fong";
			};
			buildConfigurationList = 6C1B97F81702B1A1006D0C32 /* Build configuration list for PBXProject "ColorList2" */;
			compatibilityVersion = "Xcode 3.2";
			developmentRegion = English;
			hasScannedForEncodings = 0;
			knownRegions = (
				en,
			);
			mainGroup = 6C1B97F41702B1A1006D0C32;
			productRefGroup = 6C1B97FE1702B1A1006D0C32 /* Products */;
			projectDirPath = "";
			projectRoot = "";
			targets = (
				6C1B97FC1702B1A1006D0C32 /* ColorList2 */,
			);
		};
/* End PBXProject section */

/* Begin PBXResourcesBuildPhase section */
		6C1B97FB1702B1A1006D0C32 /* Resources */ = {
			isa = PBXResourcesBuildPhase;
			buildActionMask = 2147483647;
			files = (
				6C1B980B1702B1A1006D0C32 /* InfoPlist.strings in Resources */,
				6C1B98131702B1A1006D0C32 /* Default.png in Resources */,
				6C1B98151702B1A1006D0C32 /* Default@2x.png in Resources */,
				6C1B98171702B1A1006D0C32 /* Default-568h@2x.png in Resources */,
				6C1B981D1702B1A1006D0C32 /* ColorListVC.xib in Resources */,
				6C1B98351702BD4C006D0C32 /* ColorCell.xib in Resources */,
				6C6F1E331702DB04005B6F76 /* ColorDetailsVC.xib in Resources */,
				6C6F1E4A170430FC005B6F76 /* ColorUserDetailsVC.xib in Resources */,
				6C6F1E4F17045D8A005B6F76 /* PaletteListVC.xib in Resources */,
				6C6F1E5E17046C0B005B6F76 /* PaletteCell.xib in Resources */,
				6C6F1E6417055C6E005B6F76 /* color.png in Resources */,
				6C6F1E6517055C6E005B6F76 /* palette.png in Resources */,
				6C6F1E6A170561C0005B6F76 /* button.png in Resources */,
				6C6F1E7717057281005B6F76 /* PatternVC.xib in Resources */,
				6C6F1E7E1705791D005B6F76 /* PatternCell.xib in Resources */,
				6C6F1E87170ACB5A005B6F76 /* ColorUserDetailsVC_4in.xib in Resources */,
			);
			runOnlyForDeploymentPostprocessing = 0;
		};
/* End PBXResourcesBuildPhase section */

/* Begin PBXShellScriptBuildPhase section */
		6A53CD49309440768D8F827A /* Copy Pods Resources */ = {
			isa = PBXShellScriptBuildPhase;
			buildActionMask = 2147483647;
			files = (
			);
			inputPaths = (
			);
			name = "Copy Pods Resources";
			outputPaths = (
			);
			runOnlyForDeploymentPostprocessing = 0;
			shellPath = /bin/sh;
			shellScript = "\"${SRCROOT}/Pods/Pods-resources.sh\"\n";
		};
/* End PBXShellScriptBuildPhase section */

/* Begin PBXSourcesBuildPhase section */
		6C1B97F91702B1A1006D0C32 /* Sources */ = {
			isa = PBXSourcesBuildPhase;
			buildActionMask = 2147483647;
			files = (
				6C1B980D1702B1A1006D0C32 /* main.m in Sources */,
				6C1B98111702B1A1006D0C32 /* AppDelegate.m in Sources */,
				6C1B981A1702B1A1006D0C32 /* ColorListVC.m in Sources */,
				6C1B98281702BAD8006D0C32 /* UIColor+hexToColor.m in Sources */,
				6C1B98331702BD30006D0C32 /* ColorCell.m in Sources */,
				6C1B98381702BF5E006D0C32 /* Color.m in Sources */,
				6C6F1E321702DB04005B6F76 /* ColorDetailsVC.m in Sources */,
				6C6F1E4517042E3F005B6F76 /* User.m in Sources */,
				6C6F1E49170430FC005B6F76 /* ColorUserDetailsVC.m in Sources */,
				6C6F1E4E17045D8A005B6F76 /* PaletteListVC.m in Sources */,
				6C6F1E5C17046BF0005B6F76 /* PaletteCell.m in Sources */,
				6C6F1E6117046D20005B6F76 /* Palette.m in Sources */,
				6C6F1E6817056124005B6F76 /* UICustomButton.m in Sources */,
				6C6F1E6D1705708B005B6F76 /* Pattern.m in Sources */,
				6C6F1E7617057281005B6F76 /* PatternVC.m in Sources */,
				6C6F1E7A170578E4005B6F76 /* PatternCell.m in Sources */,
			);
			runOnlyForDeploymentPostprocessing = 0;
		};
/* End PBXSourcesBuildPhase section */

/* Begin PBXVariantGroup section */
		6C1B98091702B1A1006D0C32 /* InfoPlist.strings */ = {
			isa = PBXVariantGroup;
			children = (
				6C1B980A1702B1A1006D0C32 /* en */,
			);
			name = InfoPlist.strings;
			sourceTree = "<group>";
		};
		6C1B981B1702B1A1006D0C32 /* ColorListVC.xib */ = {
			isa = PBXVariantGroup;
			children = (
				6C1B981C1702B1A1006D0C32 /* en */,
			);
			name = ColorListVC.xib;
			path = ColorList2;
			sourceTree = "<group>";
		};
/* End PBXVariantGroup section */

/* Begin XCBuildConfiguration section */
		6C1B981E1702B1A1006D0C32 /* Debug */ = {
			isa = XCBuildConfiguration;
			buildSettings = {
				ALWAYS_SEARCH_USER_PATHS = NO;
				CLANG_CXX_LANGUAGE_STANDARD = "gnu++0x";
				CLANG_CXX_LIBRARY = "libc++";
				CLANG_ENABLE_OBJC_ARC = YES;
				CLANG_WARN_CONSTANT_CONVERSION = YES;
				CLANG_WARN_EMPTY_BODY = YES;
				CLANG_WARN_ENUM_CONVERSION = YES;
				CLANG_WARN_INT_CONVERSION = YES;
				CLANG_WARN__DUPLICATE_METHOD_MATCH = YES;
				"CODE_SIGN_IDENTITY[sdk=iphoneos*]" = "iPhone Developer";
				COPY_PHASE_STRIP = NO;
				GCC_C_LANGUAGE_STANDARD = gnu99;
				GCC_DYNAMIC_NO_PIC = NO;
				GCC_OPTIMIZATION_LEVEL = 0;
				GCC_PREPROCESSOR_DEFINITIONS = (
					"DEBUG=1",
					"$(inherited)",
				);
				GCC_SYMBOLS_PRIVATE_EXTERN = NO;
				GCC_WARN_ABOUT_RETURN_TYPE = YES;
				GCC_WARN_UNINITIALIZED_AUTOS = YES;
				GCC_WARN_UNUSED_VARIABLE = YES;
				IPHONEOS_DEPLOYMENT_TARGET = 6.1;
				ONLY_ACTIVE_ARCH = YES;
				SDKROOT = iphoneos;
			};
			name = Debug;
		};
		6C1B981F1702B1A1006D0C32 /* Release */ = {
			isa = XCBuildConfiguration;
			buildSettings = {
				ALWAYS_SEARCH_USER_PATHS = NO;
				CLANG_CXX_LANGUAGE_STANDARD = "gnu++0x";
				CLANG_CXX_LIBRARY = "libc++";
				CLANG_ENABLE_OBJC_ARC = YES;
				CLANG_WARN_CONSTANT_CONVERSION = YES;
				CLANG_WARN_EMPTY_BODY = YES;
				CLANG_WARN_ENUM_CONVERSION = YES;
				CLANG_WARN_INT_CONVERSION = YES;
				CLANG_WARN__DUPLICATE_METHOD_MATCH = YES;
				"CODE_SIGN_IDENTITY[sdk=iphoneos*]" = "iPhone Developer";
				COPY_PHASE_STRIP = YES;
				GCC_C_LANGUAGE_STANDARD = gnu99;
				GCC_WARN_ABOUT_RETURN_TYPE = YES;
				GCC_WARN_UNINITIALIZED_AUTOS = YES;
				GCC_WARN_UNUSED_VARIABLE = YES;
				IPHONEOS_DEPLOYMENT_TARGET = 6.1;
				OTHER_CFLAGS = "-DNS_BLOCK_ASSERTIONS=1";
				SDKROOT = iphoneos;
				VALIDATE_PRODUCT = YES;
			};
			name = Release;
		};
		6C1B98211702B1A1006D0C32 /* Debug */ = {
			isa = XCBuildConfiguration;
			baseConfigurationReference = 29A565A19C4D43F98313A92E /* Pods.xcconfig */;
			buildSettings = {
				GCC_PRECOMPILE_PREFIX_HEADER = YES;
				GCC_PREFIX_HEADER = "ColorList2/ColorList2-Prefix.pch";
				INFOPLIST_FILE = "ColorList2/ColorList2-Info.plist";
				PRODUCT_NAME = "$(TARGET_NAME)";
				WRAPPER_EXTENSION = app;
			};
			name = Debug;
		};
		6C1B98221702B1A1006D0C32 /* Release */ = {
			isa = XCBuildConfiguration;
			baseConfigurationReference = 29A565A19C4D43F98313A92E /* Pods.xcconfig */;
			buildSettings = {
				GCC_PRECOMPILE_PREFIX_HEADER = YES;
				GCC_PREFIX_HEADER = "ColorList2/ColorList2-Prefix.pch";
				INFOPLIST_FILE = "ColorList2/ColorList2-Info.plist";
				PRODUCT_NAME = "$(TARGET_NAME)";
				WRAPPER_EXTENSION = app;
			};
			name = Release;
		};
/* End XCBuildConfiguration section */

/* Begin XCConfigurationList section */
		6C1B97F81702B1A1006D0C32 /* Build configuration list for PBXProject "ColorList2" */ = {
			isa = XCConfigurationList;
			buildConfigurations = (
				6C1B981E1702B1A1006D0C32 /* Debug */,
				6C1B981F1702B1A1006D0C32 /* Release */,
			);
			defaultConfigurationIsVisible = 0;
			defaultConfigurationName = Release;
		};
		6C1B98201702B1A1006D0C32 /* Build configuration list for PBXNativeTarget "ColorList2" */ = {
			isa = XCConfigurationList;
			buildConfigurations = (
				6C1B98211702B1A1006D0C32 /* Debug */,
				6C1B98221702B1A1006D0C32 /* Release */,
			);
			defaultConfigurationIsVisible = 0;
			defaultConfigurationName = Release;
		};
/* End XCConfigurationList section */
	};
	rootObject = 6C1B97F51702B1A1006D0C32 /* Project object */;
}
